{
  "name": "front-end",
  "lockfileVersion": 3,
  "requires": true,
  "packages": {
    "": {
      "dependencies": {
        "mern-stack": "file:.."
      }
    },
    "..": {
      "name": "mern-stack",
      "version": "1.0.0",
      "license": "ISC",
      "dependencies": {
        "cors": "^2.8.5",
        "dotenv": "^16.4.7",
        "express": "^4.21.2",
        "mongoose": "^8.9.5",
        "nodemon": "^3.1.9"
      }
    },
    "node_modules/mern-stack": {
      "resolved": "..",
      "link": true
    }
  }
}
